
Microsoft Visual Studio Solution File, Format Version 12.00
# Visual Studio Version 17
VisualStudioVersion = 17.0.31903.59
MinimumVisualStudioVersion = 10.0.40219.1
Project("{FAE04EC0-301F-11D3-BF4B-00C04F79EFBC}") = "test", "test\test.csproj", "{4C705FA9-01E1-4A24-AAF3-07789B7BA08C}"
EndProject
Project("{2150E333-8FDC-42A3-9474-1A3956D46DE8}") = "src", "src", "{62CA304E-5BC4-4416-8B14-15A2898C9A53}"
EndProject
Project("{FAE04EC0-301F-11D3-BF4B-00C04F79EFBC}") = "app", "src\app\app.csproj", "{B2342B8D-ABD1-4408-884F-FFE6C68EECDE}"
EndProject
Project("{FAE04EC0-301F-11D3-BF4B-00C04F79EFBC}") = "library", "src\library\library.csproj", "{3343C5F8-E4A5-45F4-B26E-C1AB68D5D904}"
EndProject
Global
	GlobalSection(SolutionConfigurationPlatforms) = preSolution
		Debug|Any CPU = Debug|Any CPU
		Release|Any CPU = Release|Any CPU
	EndGlobalSection
	GlobalSection(SolutionProperties) = preSolution
		HideSolutionNode = FALSE
	EndGlobalSection
	GlobalSection(ProjectConfigurationPlatforms) = postSolution
		{4C705FA9-01E1-4A24-AAF3-07789B7BA08C}.Debug|Any CPU.ActiveCfg = Debug|Any CPU
		{4C705FA9-01E1-4A24-AAF3-07789B7BA08C}.Debug|Any CPU.Build.0 = Debug|Any CPU
		{4C705FA9-01E1-4A24-AAF3-07789B7BA08C}.Release|Any CPU.ActiveCfg = Release|Any CPU
		{4C705FA9-01E1-4A24-AAF3-07789B7BA08C}.Release|Any CPU.Build.0 = Release|Any CPU
		{B2342B8D-ABD1-4408-884F-FFE6C68EECDE}.Debug|Any CPU.ActiveCfg = Debug|Any CPU
		{B2342B8D-ABD1-4408-884F-FFE6C68EECDE}.Debug|Any CPU.Build.0 = Debug|Any CPU
		{B2342B8D-ABD1-4408-884F-FFE6C68EECDE}.Release|Any CPU.ActiveCfg = Release|Any CPU
		{B2342B8D-ABD1-4408-884F-FFE6C68EECDE}.Release|Any CPU.Build.0 = Release|Any CPU
		{3343C5F8-E4A5-45F4-B26E-C1AB68D5D904}.Debug|Any CPU.ActiveCfg = Debug|Any CPU
		{3343C5F8-E4A5-45F4-B26E-C1AB68D5D904}.Debug|Any CPU.Build.0 = Debug|Any CPU
		{3343C5F8-E4A5-45F4-B26E-C1AB68D5D904}.Release|Any CPU.ActiveCfg = Release|Any CPU
		{3343C5F8-E4A5-45F4-B26E-C1AB68D5D904}.Release|Any CPU.Build.0 = Release|Any CPU
	EndGlobalSection
	GlobalSection(NestedProjects) = preSolution
		{B2342B8D-ABD1-4408-884F-FFE6C68EECDE} = {62CA304E-5BC4-4416-8B14-15A2898C9A53}
		{3343C5F8-E4A5-45F4-B26E-C1AB68D5D904} = {62CA304E-5BC4-4416-8B14-15A2898C9A53}
	EndGlobalSection
EndGlobal
